{
    "_meta": {
        "hash": {
            "sha256": "e2a8a78582d100dc86a0694f5ad982ca341a6b861fd871c6306733562f9e16cc"
        },
        "pipfile-spec": 6,
        "requires": {
            "python_version": "3.8"
        },
        "sources": [
            {
                "name": "pypi",
                "url": "https://pypi.python.org/simple",
                "verify_ssl": true
            }
        ]
    },
    "default": {},
    "develop": {}
}
